// !$*UTF8*$!
{
	archiveVersion = 1;
	classes = {
	};
	objectVersion = 48;
	objects = {

/* Begin PBXBuildFile section */
		6816261E20A43D9300B155D1 /* AppDelegate.m in Sources */ = {isa = PBXBuildFile; fileRef = 6816261D20A43D9300B155D1 /* AppDelegate.m */; };
		6816262020A43D9300B155D1 /* Assets.xcassets in Resources */ = {isa = PBXBuildFile; fileRef = 6816261F20A43D9300B155D1 /* Assets.xcassets */; };
		6816262320A43D9300B155D1 /* LaunchScreen.storyboard in Resources */ = {isa = PBXBuildFile; fileRef = 6816262120A43D9300B155D1 /* LaunchScreen.storyboard */; };
		6816262620A43D9300B155D1 /* main.m in Sources */ = {isa = PBXBuildFile; fileRef = 6816262520A43D9300B155D1 /* main.m */; };
		6816263120A43DE400B155D1 /* MainViewController.m in Sources */ = {isa = PBXBuildFile; fileRef = 6816263020A43DE400B155D1 /* MainViewController.m */; };
		6816263420A441C400B155D1 /* EventKit.framework in Frameworks */ = {isa = PBXBuildFile; fileRef = 6816263320A441C400B155D1 /* EventKit.framework */; };
		6816263620A441CB00B155D1 /* EventKitUI.framework in Frameworks */ = {isa = PBXBuildFile; fileRef = 6816263520A441CB00B155D1 /* EventKitUI.framework */; };
		6816263820A5523400B155D1 /* ObjectiveGit.framework in Frameworks */ = {isa = PBXBuildFile; fileRef = 6816263720A5523400B155D1 /* ObjectiveGit.framework */; };
		6816263C20A573AA00B155D1 /* EKGroup.m in Sources */ = {isa = PBXBuildFile; fileRef = 6816263B20A573AA00B155D1 /* EKGroup.m */; };
		6816263F20A57AAD00B155D1 /* Repo.m in Sources */ = {isa = PBXBuildFile; fileRef = 6816263E20A57AAD00B155D1 /* Repo.m */; };
		6816264220A5885800B155D1 /* PathUtility.m in Sources */ = {isa = PBXBuildFile; fileRef = 6816264120A5885800B155D1 /* PathUtility.m */; };
		C46B2ABC4ACE1DC62957E281 /* libPods-Reminders Exporter.a in Frameworks */ = {isa = PBXBuildFile; fileRef = E308F2A02C6789A0A6DE8216 /* libPods-Reminders Exporter.a */; };
/* End PBXBuildFile section */

/* Begin PBXFileReference section */
		3CFCDE770D3CFF54BC94099E /* Pods-Reminders Exporter.debug.xcconfig */ = {isa = PBXFileReference; includeInIndex = 1; lastKnownFileType = text.xcconfig; name = "Pods-Reminders Exporter.debug.xcconfig"; path = "Pods/Target Support Files/Pods-Reminders Exporter/Pods-Reminders Exporter.debug.xcconfig"; sourceTree = "<group>"; };
		3F294F35CDB233F5F5FA26D5 /* Pods-Reminders Exporter.release.xcconfig */ = {isa = PBXFileReference; includeInIndex = 1; lastKnownFileType = text.xcconfig; name = "Pods-Reminders Exporter.release.xcconfig"; path = "Pods/Target Support Files/Pods-Reminders Exporter/Pods-Reminders Exporter.release.xcconfig"; sourceTree = "<group>"; };
		6816261920A43D9300B155D1 /* Reminders Exporter.app */ = {isa = PBXFileReference; explicitFileType = wrapper.application; includeInIndex = 0; path = "Reminders Exporter.app"; sourceTree = BUILT_PRODUCTS_DIR; };
		6816261C20A43D9300B155D1 /* AppDelegate.h */ = {isa = PBXFileReference; lastKnownFileType = sourcecode.c.h; path = AppDelegate.h; sourceTree = "<group>"; };
		6816261D20A43D9300B155D1 /* AppDelegate.m */ = {isa = PBXFileReference; lastKnownFileType = sourcecode.c.objc; path = AppDelegate.m; sourceTree = "<group>"; };
		6816261F20A43D9300B155D1 /* Assets.xcassets */ = {isa = PBXFileReference; lastKnownFileType = folder.assetcatalog; path = Assets.xcassets; sourceTree = "<group>"; };
		6816262220A43D9300B155D1 /* Base */ = {isa = PBXFileReference; lastKnownFileType = file.storyboard; name = Base; path = Base.lproj/LaunchScreen.storyboard; sourceTree = "<group>"; };
		6816262420A43D9300B155D1 /* Info.plist */ = {isa = PBXFileReference; lastKnownFileType = text.plist.xml; path = Info.plist; sourceTree = "<group>"; };
		6816262520A43D9300B155D1 /* main.m */ = {isa = PBXFileReference; lastKnownFileType = sourcecode.c.objc; path = main.m; sourceTree = "<group>"; };
		6816262F20A43DE400B155D1 /* MainViewController.h */ = {isa = PBXFileReference; lastKnownFileType = sourcecode.c.h; path = MainViewController.h; sourceTree = "<group>"; };
		6816263020A43DE400B155D1 /* MainViewController.m */ = {isa = PBXFileReference; lastKnownFileType = sourcecode.c.objc; path = MainViewController.m; sourceTree = "<group>"; };
		6816263320A441C400B155D1 /* EventKit.framework */ = {isa = PBXFileReference; lastKnownFileType = wrapper.framework; name = EventKit.framework; path = System/Library/Frameworks/EventKit.framework; sourceTree = SDKROOT; };
		6816263520A441CB00B155D1 /* EventKitUI.framework */ = {isa = PBXFileReference; lastKnownFileType = wrapper.framework; name = EventKitUI.framework; path = System/Library/Frameworks/EventKitUI.framework; sourceTree = SDKROOT; };
		6816263720A5523400B155D1 /* ObjectiveGit.framework */ = {isa = PBXFileReference; lastKnownFileType = wrapper.framework; name = ObjectiveGit.framework; path = Carthage/Build/iOS/ObjectiveGit.framework; sourceTree = "<group>"; };
		6816263A20A573AA00B155D1 /* EKGroup.h */ = {isa = PBXFileReference; lastKnownFileType = sourcecode.c.h; path = EKGroup.h; sourceTree = "<group>"; };
		6816263B20A573AA00B155D1 /* EKGroup.m */ = {isa = PBXFileReference; lastKnownFileType = sourcecode.c.objc; path = EKGroup.m; sourceTree = "<group>"; };
		6816263D20A57AAD00B155D1 /* Repo.h */ = {isa = PBXFileReference; lastKnownFileType = sourcecode.c.h; path = Repo.h; sourceTree = "<group>"; };
		6816263E20A57AAD00B155D1 /* Repo.m */ = {isa = PBXFileReference; lastKnownFileType = sourcecode.c.objc; path = Repo.m; sourceTree = "<group>"; };
		6816264020A5885800B155D1 /* PathUtility.h */ = {isa = PBXFileReference; lastKnownFileType = sourcecode.c.h; path = PathUtility.h; sourceTree = "<group>"; };
		6816264120A5885800B155D1 /* PathUtility.m */ = {isa = PBXFileReference; lastKnownFileType = sourcecode.c.objc; path = PathUtility.m; sourceTree = "<group>"; };
		688B1BCE20A4A2BB00B7558A /* PrefixHeader.pch */ = {isa = PBXFileReference; lastKnownFileType = sourcecode.c.h; path = PrefixHeader.pch; sourceTree = "<group>"; };
		E308F2A02C6789A0A6DE8216 /* libPods-Reminders Exporter.a */ = {isa = PBXFileReference; explicitFileType = archive.ar; includeInIndex = 0; path = "libPods-Reminders Exporter.a"; sourceTree = BUILT_PRODUCTS_DIR; };
/* End PBXFileReference section */

/* Begin PBXFrameworksBuildPhase section */
		6816261620A43D9300B155D1 /* Frameworks */ = {
			isa = PBXFrameworksBuildPhase;
			buildActionMask = 2147483647;
			files = (
				6816263820A5523400B155D1 /* ObjectiveGit.framework in Frameworks */,
				6816263620A441CB00B155D1 /* EventKitUI.framework in Frameworks */,
				6816263420A441C400B155D1 /* EventKit.framework in Frameworks */,
				C46B2ABC4ACE1DC62957E281 /* libPods-Reminders Exporter.a in Frameworks */,
			);
			runOnlyForDeploymentPostprocessing = 0;
		};
/* End PBXFrameworksBuildPhase section */

/* Begin PBXGroup section */
		4F113426550139ABC8C6AF88 /* Pods */ = {
			isa = PBXGroup;
			children = (
				3CFCDE770D3CFF54BC94099E /* Pods-Reminders Exporter.debug.xcconfig */,
				3F294F35CDB233F5F5FA26D5 /* Pods-Reminders Exporter.release.xcconfig */,
			);
			name = Pods;
			sourceTree = "<group>";
		};
		6816261020A43D9300B155D1 = {
			isa = PBXGroup;
			children = (
				6816261B20A43D9300B155D1 /* Reminders Exporter */,
				6816261A20A43D9300B155D1 /* Products */,
				6816263220A441C400B155D1 /* Frameworks */,
				4F113426550139ABC8C6AF88 /* Pods */,
			);
			sourceTree = "<group>";
		};
		6816261A20A43D9300B155D1 /* Products */ = {
			isa = PBXGroup;
			children = (
				6816261920A43D9300B155D1 /* Reminders Exporter.app */,
			);
			name = Products;
			sourceTree = "<group>";
		};
		6816261B20A43D9300B155D1 /* Reminders Exporter */ = {
			isa = PBXGroup;
			children = (
				6816262E20A43DD100B155D1 /* Classes */,
				6816261C20A43D9300B155D1 /* AppDelegate.h */,
				6816261D20A43D9300B155D1 /* AppDelegate.m */,
				6816261F20A43D9300B155D1 /* Assets.xcassets */,
				6816262120A43D9300B155D1 /* LaunchScreen.storyboard */,
				6816262420A43D9300B155D1 /* Info.plist */,
				688B1BCE20A4A2BB00B7558A /* PrefixHeader.pch */,
				6816262520A43D9300B155D1 /* main.m */,
			);
			path = "Reminders Exporter";
			sourceTree = "<group>";
		};
		6816262E20A43DD100B155D1 /* Classes */ = {
			isa = PBXGroup;
			children = (
				6816262F20A43DE400B155D1 /* MainViewController.h */,
				6816263020A43DE400B155D1 /* MainViewController.m */,
				6816263A20A573AA00B155D1 /* EKGroup.h */,
				6816263B20A573AA00B155D1 /* EKGroup.m */,
				6816263D20A57AAD00B155D1 /* Repo.h */,
				6816263E20A57AAD00B155D1 /* Repo.m */,
				6816264020A5885800B155D1 /* PathUtility.h */,
				6816264120A5885800B155D1 /* PathUtility.m */,
			);
			path = Classes;
			sourceTree = "<group>";
		};
		6816263220A441C400B155D1 /* Frameworks */ = {
			isa = PBXGroup;
			children = (
				6816263720A5523400B155D1 /* ObjectiveGit.framework */,
				6816263520A441CB00B155D1 /* EventKitUI.framework */,
				6816263320A441C400B155D1 /* EventKit.framework */,
				E308F2A02C6789A0A6DE8216 /* libPods-Reminders Exporter.a */,
			);
			name = Frameworks;
			sourceTree = "<group>";
		};
/* End PBXGroup section */

/* Begin PBXNativeTarget section */
		6816261820A43D9300B155D1 /* Reminders Exporter */ = {
			isa = PBXNativeTarget;
			buildConfigurationList = 6816262920A43D9300B155D1 /* Build configuration list for PBXNativeTarget "Reminders Exporter" */;
			buildPhases = (
				F517301AB9E416F2CF08377E /* [CP] Check Pods Manifest.lock */,
				6816261520A43D9300B155D1 /* Sources */,
				6816261620A43D9300B155D1 /* Frameworks */,
				6816261720A43D9300B155D1 /* Resources */,
				6816263920A5525F00B155D1 /* Copy Frameworks from Carthage */,
			);
			buildRules = (
			);
			dependencies = (
			);
			name = "Reminders Exporter";
			productName = "Reminders Exporter";
			productReference = 6816261920A43D9300B155D1 /* Reminders Exporter.app */;
			productType = "com.apple.product-type.application";
		};
/* End PBXNativeTarget section */

/* Begin PBXProject section */
		6816261120A43D9300B155D1 /* Project object */ = {
			isa = PBXProject;
			attributes = {
				LastUpgradeCheck = 0920;
				ORGANIZATIONNAME = WillHan;
				TargetAttributes = {
					6816261820A43D9300B155D1 = {
						CreatedOnToolsVersion = 9.2;
						ProvisioningStyle = Automatic;
					};
				};
			};
			buildConfigurationList = 6816261420A43D9300B155D1 /* Build configuration list for PBXProject "Reminders Exporter" */;
			compatibilityVersion = "Xcode 8.0";
			developmentRegion = en;
			hasScannedForEncodings = 0;
			knownRegions = (
				en,
				Base,
			);
			mainGroup = 6816261020A43D9300B155D1;
			productRefGroup = 6816261A20A43D9300B155D1 /* Products */;
			projectDirPath = "";
			projectRoot = "";
			targets = (
				6816261820A43D9300B155D1 /* Reminders Exporter */,
			);
		};
/* End PBXProject section */

/* Begin PBXResourcesBuildPhase section */
		6816261720A43D9300B155D1 /* Resources */ = {
			isa = PBXResourcesBuildPhase;
			buildActionMask = 2147483647;
			files = (
				6816262020A43D9300B155D1 /* Assets.xcassets in Resources */,
				6816262320A43D9300B155D1 /* LaunchScreen.storyboard in Resources */,
			);
			runOnlyForDeploymentPostprocessing = 0;
		};
/* End PBXResourcesBuildPhase section */

/* Begin PBXShellScriptBuildPhase section */
		6816263920A5525F00B155D1 /* Copy Frameworks from Carthage */ = {
			isa = PBXShellScriptBuildPhase;
			buildActionMask = 2147483647;
			files = (
			);
			inputPaths = (
				"$(SRCROOT)/Carthage/Build/iOS/ObjectiveGit.framework",
			);
			name = "Copy Frameworks from Carthage";
			outputPaths = (
			);
			runOnlyForDeploymentPostprocessing = 0;
			shellPath = /bin/sh;
			shellScript = "/usr/local/bin/carthage copy-frameworks";
		};
		F517301AB9E416F2CF08377E /* [CP] Check Pods Manifest.lock */ = {
			isa = PBXShellScriptBuildPhase;
			buildActionMask = 2147483647;
			files = (
			);
			inputPaths = (
				"${PODS_PODFILE_DIR_PATH}/Podfile.lock",
				"${PODS_ROOT}/Manifest.lock",
			);
			name = "[CP] Check Pods Manifest.lock";
			outputPaths = (
				"$(DERIVED_FILE_DIR)/Pods-Reminders Exporter-checkManifestLockResult.txt",
			);
			runOnlyForDeploymentPostprocessing = 0;
			shellPath = /bin/sh;
			shellScript = "diff \"${PODS_PODFILE_DIR_PATH}/Podfile.lock\" \"${PODS_ROOT}/Manifest.lock\" > /dev/null\nif [ $? != 0 ] ; then\n    # print error to STDERR\n    echo \"error: The sandbox is not in sync with the Podfile.lock. Run 'pod install' or update your CocoaPods installation.\" >&2\n    exit 1\nfi\n# This output is used by Xcode 'outputs' to avoid re-running this script phase.\necho \"SUCCESS\" > \"${SCRIPT_OUTPUT_FILE_0}\"\n";
			showEnvVarsInLog = 0;
		};
/* End PBXShellScriptBuildPhase section */

/* Begin PBXSourcesBuildPhase section */
		6816261520A43D9300B155D1 /* Sources */ = {
			isa = PBXSourcesBuildPhase;
			buildActionMask = 2147483647;
			files = (
				6816263F20A57AAD00B155D1 /* Repo.m in Sources */,
				6816262620A43D9300B155D1 /* main.m in Sources */,
				6816263C20A573AA00B155D1 /* EKGroup.m in Sources */,
				6816263120A43DE400B155D1 /* MainViewController.m in Sources */,
				6816261E20A43D9300B155D1 /* AppDelegate.m in Sources */,
				6816264220A5885800B155D1 /* PathUtility.m in Sources */,
			);
			runOnlyForDeploymentPostprocessing = 0;
		};
/* End PBXSourcesBuildPhase section */

/* Begin PBXVariantGroup section */
		6816262120A43D9300B155D1 /* LaunchScreen.storyboard */ = {
			isa = PBXVariantGroup;
			children = (
				6816262220A43D9300B155D1 /* Base */,
			);
			name = LaunchScreen.storyboard;
			sourceTree = "<group>";
		};
/* End PBXVariantGroup section */

/* Begin XCBuildConfiguration section */
		6816262720A43D9300B155D1 /* Debug */ = {
			isa = XCBuildConfiguration;
			buildSettings = {
				ALWAYS_SEARCH_USER_PATHS = NO;
				CLANG_ANALYZER_NONNULL = YES;
				CLANG_ANALYZER_NUMBER_OBJECT_CONVERSION = YES_AGGRESSIVE;
				CLANG_CXX_LANGUAGE_STANDARD = "gnu++14";
				CLANG_CXX_LIBRARY = "libc++";
				CLANG_ENABLE_MODULES = YES;
				CLANG_ENABLE_OBJC_ARC = YES;
				CLANG_WARN_BLOCK_CAPTURE_AUTORELEASING = YES;
				CLANG_WARN_BOOL_CONVERSION = YES;
				CLANG_WARN_COMMA = YES;
				CLANG_WARN_CONSTANT_CONVERSION = YES;
				CLANG_WARN_DIRECT_OBJC_ISA_USAGE = YES_ERROR;
				CLANG_WARN_DOCUMENTATION_COMMENTS = YES;
				CLANG_WARN_EMPTY_BODY = YES;
				CLANG_WARN_ENUM_CONVERSION = YES;
				CLANG_WARN_INFINITE_RECURSION = YES;
				CLANG_WARN_INT_CONVERSION = YES;
				CLANG_WARN_NON_LITERAL_NULL_CONVERSION = YES;
				CLANG_WARN_OBJC_LITERAL_CONVERSION = YES;
				CLANG_WARN_OBJC_ROOT_CLASS = YES_ERROR;
				CLANG_WARN_RANGE_LOOP_ANALYSIS = YES;
				CLANG_WARN_STRICT_PROTOTYPES = YES;
				CLANG_WARN_SUSPICIOUS_MOVE = YES;
				CLANG_WARN_UNGUARDED_AVAILABILITY = YES_AGGRESSIVE;
				CLANG_WARN_UNREACHABLE_CODE = YES;
				CLANG_WARN__DUPLICATE_METHOD_MATCH = YES;
				CODE_SIGN_IDENTITY = "iPhone Developer";
				COPY_PHASE_STRIP = NO;
				DEBUG_INFORMATION_FORMAT = dwarf;
				ENABLE_STRICT_OBJC_MSGSEND = YES;
				ENABLE_TESTABILITY = YES;
				GCC_C_LANGUAGE_STANDARD = gnu11;
				GCC_DYNAMIC_NO_PIC = NO;
				GCC_NO_COMMON_BLOCKS = YES;
				GCC_OPTIMIZATION_LEVEL = 0;
				GCC_PREPROCESSOR_DEFINITIONS = (
					"DEBUG=1",
					"$(inherited)",
				);
				GCC_WARN_64_TO_32_BIT_CONVERSION = YES;
				GCC_WARN_ABOUT_RETURN_TYPE = YES_ERROR;
				GCC_WARN_UNDECLARED_SELECTOR = YES;
				GCC_WARN_UNINITIALIZED_AUTOS = YES_AGGRESSIVE;
				GCC_WARN_UNUSED_FUNCTION = YES;
				GCC_WARN_UNUSED_VARIABLE = YES;
				IPHONEOS_DEPLOYMENT_TARGET = 11.2;
				MTL_ENABLE_DEBUG_INFO = YES;
				ONLY_ACTIVE_ARCH = YES;
				SDKROOT = iphoneos;
			};
			name = Debug;
		};
		6816262820A43D9300B155D1 /* Release */ = {
			isa = XCBuildConfiguration;
			buildSettings = {
				ALWAYS_SEARCH_USER_PATHS = NO;
				CLANG_ANALYZER_NONNULL = YES;
				CLANG_ANALYZER_NUMBER_OBJECT_CONVERSION = YES_AGGRESSIVE;
				CLANG_CXX_LANGUAGE_STANDARD = "gnu++14";
				CLANG_CXX_LIBRARY = "libc++";
				CLANG_ENABLE_MODULES = YES;
				CLANG_ENABLE_OBJC_ARC = YES;
				CLANG_WARN_BLOCK_CAPTURE_AUTORELEASING = YES;
				CLANG_WARN_BOOL_CONVERSION = YES;
				CLANG_WARN_COMMA = YES;
				CLANG_WARN_CONSTANT_CONVERSION = YES;
				CLANG_WARN_DIRECT_OBJC_ISA_USAGE = YES_ERROR;
				CLANG_WARN_DOCUMENTATION_COMMENTS = YES;
				CLANG_WARN_EMPTY_BODY = YES;
				CLANG_WARN_ENUM_CONVERSION = YES;
				CLANG_WARN_INFINITE_RECURSION = YES;
				CLANG_WARN_INT_CONVERSION = YES;
				CLANG_WARN_NON_LITERAL_NULL_CONVERSION = YES;
				CLANG_WARN_OBJC_LITERAL_CONVERSION = YES;
				CLANG_WARN_OBJC_ROOT_CLASS = YES_ERROR;
				CLANG_WARN_RANGE_LOOP_ANALYSIS = YES;
				CLANG_WARN_STRICT_PROTOTYPES = YES;
				CLANG_WARN_SUSPICIOUS_MOVE = YES;
				CLANG_WARN_UNGUARDED_AVAILABILITY = YES_AGGRESSIVE;
				CLANG_WARN_UNREACHABLE_CODE = YES;
				CLANG_WARN__DUPLICATE_METHOD_MATCH = YES;
				CODE_SIGN_IDENTITY = "iPhone Developer";
				COPY_PHASE_STRIP = NO;
				DEBUG_INFORMATION_FORMAT = "dwarf-with-dsym";
				ENABLE_NS_ASSERTIONS = NO;
				ENABLE_STRICT_OBJC_MSGSEND = YES;
				GCC_C_LANGUAGE_STANDARD = gnu11;
				GCC_NO_COMMON_BLOCKS = YES;
				GCC_WARN_64_TO_32_BIT_CONVERSION = YES;
				GCC_WARN_ABOUT_RETURN_TYPE = YES_ERROR;
				GCC_WARN_UNDECLARED_SELECTOR = YES;
				GCC_WARN_UNINITIALIZED_AUTOS = YES_AGGRESSIVE;
				GCC_WARN_UNUSED_FUNCTION = YES;
				GCC_WARN_UNUSED_VARIABLE = YES;
				IPHONEOS_DEPLOYMENT_TARGET = 11.2;
				MTL_ENABLE_DEBUG_INFO = NO;
				SDKROOT = iphoneos;
				VALIDATE_PRODUCT = YES;
			};
			name = Release;
		};
		6816262A20A43D9300B155D1 /* Debug */ = {
			isa = XCBuildConfiguration;
			baseConfigurationReference = 3CFCDE770D3CFF54BC94099E /* Pods-Reminders Exporter.debug.xcconfig */;
			buildSettings = {
				ASSETCATALOG_COMPILER_APPICON_NAME = AppIcon;
				CODE_SIGN_STYLE = Automatic;
				DEVELOPMENT_TEAM = 6UU243CA64;
				FRAMEWORK_SEARCH_PATHS = (
					"$(inherited)",
					"$(PROJECT_DIR)/Carthage/Build/iOS",
				);
				GCC_PRECOMPILE_PREFIX_HEADER = YES;
				GCC_PREFIX_HEADER = $SRCROOT/$PRODUCT_NAME/PrefixHeader.pch;
				HEADER_SEARCH_PATHS = (
					"$(inherited)",
					"\"${PODS_ROOT}/Headers/Public\"",
					"\"${PODS_ROOT}/Headers/Public/BlocksKit\"",
					"\"${PODS_ROOT}/Headers/Public/CocoaLumberjack\"",
					"\"${PODS_ROOT}/Headers/Public/DSBaseViewController\"",
					"\"${PODS_ROOT}/Headers/Public/FLEX\"",
					"\"${PODS_ROOT}/Headers/Public/Masonry\"",
					"\"${PODS_ROOT}/Headers/Public/libextobjc\"",
					"$(SRCROOT)/Carthage/Build/iOS/ObjectiveGit.framework/Headers/",
				);
				INFOPLIST_FILE = "Reminders Exporter/Info.plist";
				IPHONEOS_DEPLOYMENT_TARGET = 9.3;
				LD_RUNPATH_SEARCH_PATHS = "$(inherited) @executable_path/Frameworks";
				PRODUCT_BUNDLE_IDENTIFIER = "com.willhan.Reminders-Exporter";
				PRODUCT_NAME = "$(TARGET_NAME)";
				TARGETED_DEVICE_FAMILY = "1,2";
			};
			name = Debug;
		};
		6816262B20A43D9300B155D1 /* Release */ = {
			isa = XCBuildConfiguration;
			baseConfigurationReference = 3F294F35CDB233F5F5FA26D5 /* Pods-Reminders Exporter.release.xcconfig */;
			buildSettings = {
				ASSETCATALOG_COMPILER_APPICON_NAME = AppIcon;
				CODE_SIGN_STYLE = Automatic;
				DEVELOPMENT_TEAM = 6UU243CA64;
				FRAMEWORK_SEARCH_PATHS = (
					"$(inherited)",
					"$(PROJECT_DIR)/Carthage/Build/iOS",
				);
				GCC_PRECOMPILE_PREFIX_HEADER = YES;
				GCC_PREFIX_HEADER = $SRCROOT/$PRODUCT_NAME/PrefixHeader.pch;
				HEADER_SEARCH_PATHS = (
					"$(inherited)",
					"\"${PODS_ROOT}/Headers/Public\"",
					"\"${PODS_ROOT}/Headers/Public/BlocksKit\"",
					"\"${PODS_ROOT}/Headers/Public/CocoaLumberjack\"",
					"\"${PODS_ROOT}/Headers/Public/DSBaseViewController\"",
					"\"${PODS_ROOT}/Headers/Public/FLEX\"",
					"\"${PODS_ROOT}/Headers/Public/Masonry\"",
					"\"${PODS_ROOT}/Headers/Public/libextobjc\"",
					"$(SRCROOT)/Carthage/Build/iOS/ObjectiveGit.framework/Headers/",
				);
				INFOPLIST_FILE = "Reminders Exporter/Info.plist";
				IPHONEOS_DEPLOYMENT_TARGET = 9.3;
				LD_RUNPATH_SEARCH_PATHS = "$(inherited) @executable_path/Frameworks";
				PRODUCT_BUNDLE_IDENTIFIER = "com.willhan.Reminders-Exporter";
				PRODUCT_NAME = "$(TARGET_NAME)";
				TARGETED_DEVICE_FAMILY = "1,2";
			};
			name = Release;
		};
/* End XCBuildConfiguration section */

/* Begin XCConfigurationList section */
		6816261420A43D9300B155D1 /* Build configuration list for PBXProject "Reminders Exporter" */ = {
			isa = XCConfigurationList;
			buildConfigurations = (
				6816262720A43D9300B155D1 /* Debug */,
				6816262820A43D9300B155D1 /* Release */,
			);
			defaultConfigurationIsVisible = 0;
			defaultConfigurationName = Release;
		};
		6816262920A43D9300B155D1 /* Build configuration list for PBXNativeTarget "Reminders Exporter" */ = {
			isa = XCConfigurationList;
			buildConfigurations = (
				6816262A20A43D9300B155D1 /* Debug */,
				6816262B20A43D9300B155D1 /* Release */,
			);
			defaultConfigurationIsVisible = 0;
			defaultConfigurationName = Release;
		};
/* End XCConfigurationList section */
	};
	rootObject = 6816261120A43D9300B155D1 /* Project object */;
}
